
Microsoft Visual Studio Solution File, Format Version 12.00
# Visual Studio Version 17
VisualStudioVersion = 17.6.33723.286
MinimumVisualStudioVersion = 10.0.40219.1
Project("{8BC9CEB8-8B4A-11D0-8D11-00A0C91BC942}") = "FifthProject", "FifthProject\FifthProject.vcxproj", "{05B6F225-CC13-4F38-BCA9-28A91240B996}"
EndProject
Global
	GlobalSection(SolutionConfigurationPlatforms) = preSolution
		Debug|x64 = Debug|x64
		Debug|x86 = Debug|x86
		Release|x64 = Release|x64
		Release|x86 = Release|x86
	EndGlobalSection
	GlobalSection(ProjectConfigurationPlatforms) = postSolution
		{05B6F225-CC13-4F38-BCA9-28A91240B996}.Debug|x64.ActiveCfg = Debug|x64
		{05B6F225-CC13-4F38-BCA9-28A91240B996}.Debug|x64.Build.0 = Debug|x64
		{05B6F225-CC13-4F38-BCA9-28A91240B996}.Debug|x86.ActiveCfg = Debug|Win32
		{05B6F225-CC13-4F38-BCA9-28A91240B996}.Debug|x86.Build.0 = Debug|Win32
		{05B6F225-CC13-4F38-BCA9-28A91240B996}.Release|x64.ActiveCfg = Release|x64
		{05B6F225-CC13-4F38-BCA9-28A91240B996}.Release|x64.Build.0 = Release|x64
		{05B6F225-CC13-4F38-BCA9-28A91240B996}.Release|x86.ActiveCfg = Release|Win32
		{05B6F225-CC13-4F38-BCA9-28A91240B996}.Release|x86.Build.0 = Release|Win32
	EndGlobalSection
	GlobalSection(SolutionProperties) = preSolution
		HideSolutionNode = FALSE
	EndGlobalSection
	GlobalSection(ExtensibilityGlobals) = postSolution
		SolutionGuid = {1F54136B-47AF-46F6-B009-8856C5BDC3D3}
	EndGlobalSection
EndGlobal
