
Microsoft Visual Studio Solution File, Format Version 12.00
# Visual Studio Version 17
VisualStudioVersion = 17.6.33723.286
MinimumVisualStudioVersion = 10.0.40219.1
Project("{8BC9CEB8-8B4A-11D0-8D11-00A0C91BC942}") = "24stProject", "24stProject\24stProject.vcxproj", "{A8DEC2B1-BB13-47AC-8E1F-15811CF0C742}"
EndProject
Global
	GlobalSection(SolutionConfigurationPlatforms) = preSolution
		Debug|x64 = Debug|x64
		Debug|x86 = Debug|x86
		Release|x64 = Release|x64
		Release|x86 = Release|x86
	EndGlobalSection
	GlobalSection(ProjectConfigurationPlatforms) = postSolution
		{A8DEC2B1-BB13-47AC-8E1F-15811CF0C742}.Debug|x64.ActiveCfg = Debug|x64
		{A8DEC2B1-BB13-47AC-8E1F-15811CF0C742}.Debug|x64.Build.0 = Debug|x64
		{A8DEC2B1-BB13-47AC-8E1F-15811CF0C742}.Debug|x86.ActiveCfg = Debug|Win32
		{A8DEC2B1-BB13-47AC-8E1F-15811CF0C742}.Debug|x86.Build.0 = Debug|Win32
		{A8DEC2B1-BB13-47AC-8E1F-15811CF0C742}.Release|x64.ActiveCfg = Release|x64
		{A8DEC2B1-BB13-47AC-8E1F-15811CF0C742}.Release|x64.Build.0 = Release|x64
		{A8DEC2B1-BB13-47AC-8E1F-15811CF0C742}.Release|x86.ActiveCfg = Release|Win32
		{A8DEC2B1-BB13-47AC-8E1F-15811CF0C742}.Release|x86.Build.0 = Release|Win32
	EndGlobalSection
	GlobalSection(SolutionProperties) = preSolution
		HideSolutionNode = FALSE
	EndGlobalSection
	GlobalSection(ExtensibilityGlobals) = postSolution
		SolutionGuid = {82A8C476-E73A-4AF2-98BA-0A9DCEE54894}
	EndGlobalSection
EndGlobal
