
Microsoft Visual Studio Solution File, Format Version 12.00
# Visual Studio Version 17
VisualStudioVersion = 17.6.33723.286
MinimumVisualStudioVersion = 10.0.40219.1
Project("{8BC9CEB8-8B4A-11D0-8D11-00A0C91BC942}") = "44stProject", "44stProject\44stProject.vcxproj", "{BE0B5293-1402-407D-BC2F-A0CD042DA5BE}"
EndProject
Global
	GlobalSection(SolutionConfigurationPlatforms) = preSolution
		Debug|x64 = Debug|x64
		Debug|x86 = Debug|x86
		Release|x64 = Release|x64
		Release|x86 = Release|x86
	EndGlobalSection
	GlobalSection(ProjectConfigurationPlatforms) = postSolution
		{BE0B5293-1402-407D-BC2F-A0CD042DA5BE}.Debug|x64.ActiveCfg = Debug|x64
		{BE0B5293-1402-407D-BC2F-A0CD042DA5BE}.Debug|x64.Build.0 = Debug|x64
		{BE0B5293-1402-407D-BC2F-A0CD042DA5BE}.Debug|x86.ActiveCfg = Debug|Win32
		{BE0B5293-1402-407D-BC2F-A0CD042DA5BE}.Debug|x86.Build.0 = Debug|Win32
		{BE0B5293-1402-407D-BC2F-A0CD042DA5BE}.Release|x64.ActiveCfg = Release|x64
		{BE0B5293-1402-407D-BC2F-A0CD042DA5BE}.Release|x64.Build.0 = Release|x64
		{BE0B5293-1402-407D-BC2F-A0CD042DA5BE}.Release|x86.ActiveCfg = Release|Win32
		{BE0B5293-1402-407D-BC2F-A0CD042DA5BE}.Release|x86.Build.0 = Release|Win32
	EndGlobalSection
	GlobalSection(SolutionProperties) = preSolution
		HideSolutionNode = FALSE
	EndGlobalSection
	GlobalSection(ExtensibilityGlobals) = postSolution
		SolutionGuid = {2E6F0BCF-AC8E-4993-AF96-C3A653A7F3CF}
	EndGlobalSection
EndGlobal
